
Microsoft Visual Studio Solution File, Format Version 12.00
# Visual Studio Version 17
VisualStudioVersion = 17.8.34330.188
MinimumVisualStudioVersion = 10.0.40219.1
Project("{FAE04EC0-301F-11D3-BF4B-00C04F79EFBC}") = "WebApplication1", "WebApplication1\WebApplication1.csproj", "{DCD670D8-BB6E-4D72-89EB-5F7532A601DB}"
EndProject
Global
	GlobalSection(SolutionConfigurationPlatforms) = preSolution
		Debug|Any CPU = Debug|Any CPU
		Release|Any CPU = Release|Any CPU
	EndGlobalSection
	GlobalSection(ProjectConfigurationPlatforms) = postSolution
		{DCD670D8-BB6E-4D72-89EB-5F7532A601DB}.Debug|Any CPU.ActiveCfg = Debug|Any CPU
		{DCD670D8-BB6E-4D72-89EB-5F7532A601DB}.Debug|Any CPU.Build.0 = Debug|Any CPU
		{DCD670D8-BB6E-4D72-89EB-5F7532A601DB}.Release|Any CPU.ActiveCfg = Release|Any CPU
		{DCD670D8-BB6E-4D72-89EB-5F7532A601DB}.Release|Any CPU.Build.0 = Release|Any CPU
	EndGlobalSection
	GlobalSection(SolutionProperties) = preSolution
		HideSolutionNode = FALSE
	EndGlobalSection
	GlobalSection(ExtensibilityGlobals) = postSolution
		SolutionGuid = {FC578AC7-F6D8-469B-AD29-68FFE9FFBC68}
	EndGlobalSection
EndGlobal
